// !$*UTF8*$!
{
	archiveVersion = 1;
	classes = {
	};
	objectVersion = 55;
	objects = {

/* Begin PBXBuildFile section */
		1760FD8428481148000C9B60 /* SnapKit in Frameworks */ = {isa = PBXBuildFile; productRef = 1760FD8328481148000C9B60 /* SnapKit */; };
		1776F1672847FF8E00DC0C85 /* AppDelegate.swift in Sources */ = {isa = PBXBuildFile; fileRef = 1776F1662847FF8E00DC0C85 /* AppDelegate.swift */; };
		1776F1692847FF8E00DC0C85 /* SceneDelegate.swift in Sources */ = {isa = PBXBuildFile; fileRef = 1776F1682847FF8E00DC0C85 /* SceneDelegate.swift */; };
		1776F16B2847FF8E00DC0C85 /* ToDoListViewController.swift in Sources */ = {isa = PBXBuildFile; fileRef = 1776F16A2847FF8E00DC0C85 /* ToDoListViewController.swift */; };
		1776F16E2847FF8E00DC0C85 /* Main.storyboard in Resources */ = {isa = PBXBuildFile; fileRef = 1776F16C2847FF8E00DC0C85 /* Main.storyboard */; };
		1776F1702847FF8F00DC0C85 /* Assets.xcassets in Resources */ = {isa = PBXBuildFile; fileRef = 1776F16F2847FF8F00DC0C85 /* Assets.xcassets */; };
		1776F1732847FF8F00DC0C85 /* LaunchScreen.storyboard in Resources */ = {isa = PBXBuildFile; fileRef = 1776F1712847FF8F00DC0C85 /* LaunchScreen.storyboard */; };
		17B3ED5C284E9DED00BF2099 /* ToDoTableViewCell.swift in Sources */ = {isa = PBXBuildFile; fileRef = 17B3ED5B284E9DED00BF2099 /* ToDoTableViewCell.swift */; };
		17B3ED5E284EA45500BF2099 /* ToDoDetailViewController.swift in Sources */ = {isa = PBXBuildFile; fileRef = 17B3ED5D284EA45500BF2099 /* ToDoDetailViewController.swift */; };
		17E979FE284B860600E06087 /* Constants.swift in Sources */ = {isa = PBXBuildFile; fileRef = 17E979FD284B860600E06087 /* Constants.swift */; };
		17E97A00284BC2DB00E06087 /* ToDo.swift in Sources */ = {isa = PBXBuildFile; fileRef = 17E979FF284BC2DB00E06087 /* ToDo.swift */; };
		17E97A0B284BCC1C00E06087 /* ToDoLogic.swift in Sources */ = {isa = PBXBuildFile; fileRef = 17E97A0A284BCC1C00E06087 /* ToDoLogic.swift */; };
/* End PBXBuildFile section */

/* Begin PBXCopyFilesBuildPhase section */
		1760FD8128481078000C9B60 /* Embed Frameworks */ = {
			isa = PBXCopyFilesBuildPhase;
			buildActionMask = 2147483647;
			dstPath = "";
			dstSubfolderSpec = 10;
			files = (
			);
			name = "Embed Frameworks";
			runOnlyForDeploymentPostprocessing = 0;
		};
/* End PBXCopyFilesBuildPhase section */

/* Begin PBXFileReference section */
		1776F1632847FF8E00DC0C85 /* ToDoList.app */ = {isa = PBXFileReference; explicitFileType = wrapper.application; includeInIndex = 0; path = ToDoList.app; sourceTree = BUILT_PRODUCTS_DIR; };
		1776F1662847FF8E00DC0C85 /* AppDelegate.swift */ = {isa = PBXFileReference; lastKnownFileType = sourcecode.swift; path = AppDelegate.swift; sourceTree = "<group>"; };
		1776F1682847FF8E00DC0C85 /* SceneDelegate.swift */ = {isa = PBXFileReference; lastKnownFileType = sourcecode.swift; path = SceneDelegate.swift; sourceTree = "<group>"; };
		1776F16A2847FF8E00DC0C85 /* ToDoListViewController.swift */ = {isa = PBXFileReference; lastKnownFileType = sourcecode.swift; path = ToDoListViewController.swift; sourceTree = "<group>"; };
		1776F16D2847FF8E00DC0C85 /* Base */ = {isa = PBXFileReference; lastKnownFileType = file.storyboard; name = Base; path = Base.lproj/Main.storyboard; sourceTree = "<group>"; };
		1776F16F2847FF8F00DC0C85 /* Assets.xcassets */ = {isa = PBXFileReference; lastKnownFileType = folder.assetcatalog; path = Assets.xcassets; sourceTree = "<group>"; };
		1776F1722847FF8F00DC0C85 /* Base */ = {isa = PBXFileReference; lastKnownFileType = file.storyboard; name = Base; path = Base.lproj/LaunchScreen.storyboard; sourceTree = "<group>"; };
		1776F1742847FF8F00DC0C85 /* Info.plist */ = {isa = PBXFileReference; lastKnownFileType = text.plist.xml; path = Info.plist; sourceTree = "<group>"; };
		17B3ED5B284E9DED00BF2099 /* ToDoTableViewCell.swift */ = {isa = PBXFileReference; lastKnownFileType = sourcecode.swift; path = ToDoTableViewCell.swift; sourceTree = "<group>"; };
		17B3ED5D284EA45500BF2099 /* ToDoDetailViewController.swift */ = {isa = PBXFileReference; lastKnownFileType = sourcecode.swift; path = ToDoDetailViewController.swift; sourceTree = "<group>"; };
		17E979FD284B860600E06087 /* Constants.swift */ = {isa = PBXFileReference; lastKnownFileType = sourcecode.swift; path = Constants.swift; sourceTree = "<group>"; };
		17E979FF284BC2DB00E06087 /* ToDo.swift */ = {isa = PBXFileReference; lastKnownFileType = sourcecode.swift; path = ToDo.swift; sourceTree = "<group>"; };
		17E97A0A284BCC1C00E06087 /* ToDoLogic.swift */ = {isa = PBXFileReference; lastKnownFileType = sourcecode.swift; path = ToDoLogic.swift; sourceTree = "<group>"; };
/* End PBXFileReference section */

/* Begin PBXFrameworksBuildPhase section */
		1776F1602847FF8E00DC0C85 /* Frameworks */ = {
			isa = PBXFrameworksBuildPhase;
			buildActionMask = 2147483647;
			files = (
				1760FD8428481148000C9B60 /* SnapKit in Frameworks */,
			);
			runOnlyForDeploymentPostprocessing = 0;
		};
/* End PBXFrameworksBuildPhase section */

/* Begin PBXGroup section */
		1776F15A2847FF8E00DC0C85 = {
			isa = PBXGroup;
			children = (
				1776F1652847FF8E00DC0C85 /* ToDoList */,
				1776F1642847FF8E00DC0C85 /* Products */,
			);
			sourceTree = "<group>";
		};
		1776F1642847FF8E00DC0C85 /* Products */ = {
			isa = PBXGroup;
			children = (
				1776F1632847FF8E00DC0C85 /* ToDoList.app */,
			);
			name = Products;
			sourceTree = "<group>";
		};
		1776F1652847FF8E00DC0C85 /* ToDoList */ = {
			isa = PBXGroup;
			children = (
				17E97A08284BC7AF00E06087 /* App */,
				17E97A0C284BCF6600E06087 /* Storyboards */,
				17E97A09284BC83F00E06087 /* Resources */,
				17E97A0D284BCF7500E06087 /* Constants */,
				17E97A07284BC78900E06087 /* Controllers */,
				17E97A05284BC77200E06087 /* Models */,
				17E97A06284BC77E00E06087 /* ViewModels */,
				17B3ED5B284E9DED00BF2099 /* ToDoTableViewCell.swift */,
			);
			path = ToDoList;
			sourceTree = "<group>";
		};
		17E97A05284BC77200E06087 /* Models */ = {
			isa = PBXGroup;
			children = (
				17E979FF284BC2DB00E06087 /* ToDo.swift */,
			);
			path = Models;
			sourceTree = "<group>";
		};
		17E97A06284BC77E00E06087 /* ViewModels */ = {
			isa = PBXGroup;
			children = (
				17E97A0A284BCC1C00E06087 /* ToDoLogic.swift */,
			);
			path = ViewModels;
			sourceTree = "<group>";
		};
		17E97A07284BC78900E06087 /* Controllers */ = {
			isa = PBXGroup;
			children = (
				1776F16A2847FF8E00DC0C85 /* ToDoListViewController.swift */,
				17B3ED5D284EA45500BF2099 /* ToDoDetailViewController.swift */,
			);
			path = Controllers;
			sourceTree = "<group>";
		};
		17E97A08284BC7AF00E06087 /* App */ = {
			isa = PBXGroup;
			children = (
				1776F1662847FF8E00DC0C85 /* AppDelegate.swift */,
				1776F1682847FF8E00DC0C85 /* SceneDelegate.swift */,
			);
			path = App;
			sourceTree = "<group>";
		};
		17E97A09284BC83F00E06087 /* Resources */ = {
			isa = PBXGroup;
			children = (
				1776F16F2847FF8F00DC0C85 /* Assets.xcassets */,
				1776F1742847FF8F00DC0C85 /* Info.plist */,
			);
			path = Resources;
			sourceTree = "<group>";
		};
		17E97A0C284BCF6600E06087 /* Storyboards */ = {
			isa = PBXGroup;
			children = (
				1776F16C2847FF8E00DC0C85 /* Main.storyboard */,
				1776F1712847FF8F00DC0C85 /* LaunchScreen.storyboard */,
			);
			path = Storyboards;
			sourceTree = "<group>";
		};
		17E97A0D284BCF7500E06087 /* Constants */ = {
			isa = PBXGroup;
			children = (
				17E979FD284B860600E06087 /* Constants.swift */,
			);
			path = Constants;
			sourceTree = "<group>";
		};
/* End PBXGroup section */

/* Begin PBXNativeTarget section */
		1776F1622847FF8E00DC0C85 /* ToDoList */ = {
			isa = PBXNativeTarget;
			buildConfigurationList = 1776F1772847FF8F00DC0C85 /* Build configuration list for PBXNativeTarget "ToDoList" */;
			buildPhases = (
				1776F15F2847FF8E00DC0C85 /* Sources */,
				1776F1602847FF8E00DC0C85 /* Frameworks */,
				1776F1612847FF8E00DC0C85 /* Resources */,
				1760FD8128481078000C9B60 /* Embed Frameworks */,
			);
			buildRules = (
			);
			dependencies = (
			);
			name = ToDoList;
			packageProductDependencies = (
				1760FD8328481148000C9B60 /* SnapKit */,
			);
			productName = ToDoList;
			productReference = 1776F1632847FF8E00DC0C85 /* ToDoList.app */;
			productType = "com.apple.product-type.application";
		};
/* End PBXNativeTarget section */

/* Begin PBXProject section */
		1776F15B2847FF8E00DC0C85 /* Project object */ = {
			isa = PBXProject;
			attributes = {
				BuildIndependentTargetsInParallel = 1;
				LastSwiftUpdateCheck = 1320;
				LastUpgradeCheck = 1320;
				TargetAttributes = {
					1776F1622847FF8E00DC0C85 = {
						CreatedOnToolsVersion = 13.2.1;
					};
				};
			};
			buildConfigurationList = 1776F15E2847FF8E00DC0C85 /* Build configuration list for PBXProject "ToDoList" */;
			compatibilityVersion = "Xcode 13.0";
			developmentRegion = en;
			hasScannedForEncodings = 0;
			knownRegions = (
				en,
				Base,
			);
			mainGroup = 1776F15A2847FF8E00DC0C85;
			packageReferences = (
				1760FD8228481148000C9B60 /* XCRemoteSwiftPackageReference "SnapKit" */,
			);
			productRefGroup = 1776F1642847FF8E00DC0C85 /* Products */;
			projectDirPath = "";
			projectRoot = "";
			targets = (
				1776F1622847FF8E00DC0C85 /* ToDoList */,
			);
		};
/* End PBXProject section */

/* Begin PBXResourcesBuildPhase section */
		1776F1612847FF8E00DC0C85 /* Resources */ = {
			isa = PBXResourcesBuildPhase;
			buildActionMask = 2147483647;
			files = (
				1776F1732847FF8F00DC0C85 /* LaunchScreen.storyboard in Resources */,
				1776F1702847FF8F00DC0C85 /* Assets.xcassets in Resources */,
				1776F16E2847FF8E00DC0C85 /* Main.storyboard in Resources */,
			);
			runOnlyForDeploymentPostprocessing = 0;
		};
/* End PBXResourcesBuildPhase section */

/* Begin PBXSourcesBuildPhase section */
		1776F15F2847FF8E00DC0C85 /* Sources */ = {
			isa = PBXSourcesBuildPhase;
			buildActionMask = 2147483647;
			files = (
				17E97A0B284BCC1C00E06087 /* ToDoLogic.swift in Sources */,
				17B3ED5E284EA45500BF2099 /* ToDoDetailViewController.swift in Sources */,
				1776F16B2847FF8E00DC0C85 /* ToDoListViewController.swift in Sources */,
				17B3ED5C284E9DED00BF2099 /* ToDoTableViewCell.swift in Sources */,
				17E97A00284BC2DB00E06087 /* ToDo.swift in Sources */,
				1776F1672847FF8E00DC0C85 /* AppDelegate.swift in Sources */,
				1776F1692847FF8E00DC0C85 /* SceneDelegate.swift in Sources */,
				17E979FE284B860600E06087 /* Constants.swift in Sources */,
			);
			runOnlyForDeploymentPostprocessing = 0;
		};
/* End PBXSourcesBuildPhase section */

/* Begin PBXVariantGroup section */
		1776F16C2847FF8E00DC0C85 /* Main.storyboard */ = {
			isa = PBXVariantGroup;
			children = (
				1776F16D2847FF8E00DC0C85 /* Base */,
			);
			name = Main.storyboard;
			sourceTree = "<group>";
		};
		1776F1712847FF8F00DC0C85 /* LaunchScreen.storyboard */ = {
			isa = PBXVariantGroup;
			children = (
				1776F1722847FF8F00DC0C85 /* Base */,
			);
			name = LaunchScreen.storyboard;
			sourceTree = "<group>";
		};
/* End PBXVariantGroup section */

/* Begin XCBuildConfiguration section */
		1776F1752847FF8F00DC0C85 /* Debug */ = {
			isa = XCBuildConfiguration;
			buildSettings = {
				ALWAYS_SEARCH_USER_PATHS = NO;
				CLANG_ANALYZER_NONNULL = YES;
				CLANG_ANALYZER_NUMBER_OBJECT_CONVERSION = YES_AGGRESSIVE;
				CLANG_CXX_LANGUAGE_STANDARD = "gnu++17";
				CLANG_CXX_LIBRARY = "libc++";
				CLANG_ENABLE_MODULES = YES;
				CLANG_ENABLE_OBJC_ARC = YES;
				CLANG_ENABLE_OBJC_WEAK = YES;
				CLANG_WARN_BLOCK_CAPTURE_AUTORELEASING = YES;
				CLANG_WARN_BOOL_CONVERSION = YES;
				CLANG_WARN_COMMA = YES;
				CLANG_WARN_CONSTANT_CONVERSION = YES;
				CLANG_WARN_DEPRECATED_OBJC_IMPLEMENTATIONS = YES;
				CLANG_WARN_DIRECT_OBJC_ISA_USAGE = YES_ERROR;
				CLANG_WARN_DOCUMENTATION_COMMENTS = YES;
				CLANG_WARN_EMPTY_BODY = YES;
				CLANG_WARN_ENUM_CONVERSION = YES;
				CLANG_WARN_INFINITE_RECURSION = YES;
				CLANG_WARN_INT_CONVERSION = YES;
				CLANG_WARN_NON_LITERAL_NULL_CONVERSION = YES;
				CLANG_WARN_OBJC_IMPLICIT_RETAIN_SELF = YES;
				CLANG_WARN_OBJC_LITERAL_CONVERSION = YES;
				CLANG_WARN_OBJC_ROOT_CLASS = YES_ERROR;
				CLANG_WARN_QUOTED_INCLUDE_IN_FRAMEWORK_HEADER = YES;
				CLANG_WARN_RANGE_LOOP_ANALYSIS = YES;
				CLANG_WARN_STRICT_PROTOTYPES = YES;
				CLANG_WARN_SUSPICIOUS_MOVE = YES;
				CLANG_WARN_UNGUARDED_AVAILABILITY = YES_AGGRESSIVE;
				CLANG_WARN_UNREACHABLE_CODE = YES;
				CLANG_WARN__DUPLICATE_METHOD_MATCH = YES;
				COPY_PHASE_STRIP = NO;
				DEBUG_INFORMATION_FORMAT = dwarf;
				ENABLE_STRICT_OBJC_MSGSEND = YES;
				ENABLE_TESTABILITY = YES;
				GCC_C_LANGUAGE_STANDARD = gnu11;
				GCC_DYNAMIC_NO_PIC = NO;
				GCC_NO_COMMON_BLOCKS = YES;
				GCC_OPTIMIZATION_LEVEL = 0;
				GCC_PREPROCESSOR_DEFINITIONS = (
					"DEBUG=1",
					"$(inherited)",
				);
				GCC_WARN_64_TO_32_BIT_CONVERSION = YES;
				GCC_WARN_ABOUT_RETURN_TYPE = YES_ERROR;
				GCC_WARN_UNDECLARED_SELECTOR = YES;
				GCC_WARN_UNINITIALIZED_AUTOS = YES_AGGRESSIVE;
				GCC_WARN_UNUSED_FUNCTION = YES;
				GCC_WARN_UNUSED_VARIABLE = YES;
				IPHONEOS_DEPLOYMENT_TARGET = 14.0;
				MTL_ENABLE_DEBUG_INFO = INCLUDE_SOURCE;
				MTL_FAST_MATH = YES;
				ONLY_ACTIVE_ARCH = YES;
				SDKROOT = iphoneos;
				SWIFT_ACTIVE_COMPILATION_CONDITIONS = DEBUG;
				SWIFT_OPTIMIZATION_LEVEL = "-Onone";
			};
			name = Debug;
		};
		1776F1762847FF8F00DC0C85 /* Release */ = {
			isa = XCBuildConfiguration;
			buildSettings = {
				ALWAYS_SEARCH_USER_PATHS = NO;
				CLANG_ANALYZER_NONNULL = YES;
				CLANG_ANALYZER_NUMBER_OBJECT_CONVERSION = YES_AGGRESSIVE;
				CLANG_CXX_LANGUAGE_STANDARD = "gnu++17";
				CLANG_CXX_LIBRARY = "libc++";
				CLANG_ENABLE_MODULES = YES;
				CLANG_ENABLE_OBJC_ARC = YES;
				CLANG_ENABLE_OBJC_WEAK = YES;
				CLANG_WARN_BLOCK_CAPTURE_AUTORELEASING = YES;
				CLANG_WARN_BOOL_CONVERSION = YES;
				CLANG_WARN_COMMA = YES;
				CLANG_WARN_CONSTANT_CONVERSION = YES;
				CLANG_WARN_DEPRECATED_OBJC_IMPLEMENTATIONS = YES;
				CLANG_WARN_DIRECT_OBJC_ISA_USAGE = YES_ERROR;
				CLANG_WARN_DOCUMENTATION_COMMENTS = YES;
				CLANG_WARN_EMPTY_BODY = YES;
				CLANG_WARN_ENUM_CONVERSION = YES;
				CLANG_WARN_INFINITE_RECURSION = YES;
				CLANG_WARN_INT_CONVERSION = YES;
				CLANG_WARN_NON_LITERAL_NULL_CONVERSION = YES;
				CLANG_WARN_OBJC_IMPLICIT_RETAIN_SELF = YES;
				CLANG_WARN_OBJC_LITERAL_CONVERSION = YES;
				CLANG_WARN_OBJC_ROOT_CLASS = YES_ERROR;
				CLANG_WARN_QUOTED_INCLUDE_IN_FRAMEWORK_HEADER = YES;
				CLANG_WARN_RANGE_LOOP_ANALYSIS = YES;
				CLANG_WARN_STRICT_PROTOTYPES = YES;
				CLANG_WARN_SUSPICIOUS_MOVE = YES;
				CLANG_WARN_UNGUARDED_AVAILABILITY = YES_AGGRESSIVE;
				CLANG_WARN_UNREACHABLE_CODE = YES;
				CLANG_WARN__DUPLICATE_METHOD_MATCH = YES;
				COPY_PHASE_STRIP = NO;
				DEBUG_INFORMATION_FORMAT = "dwarf-with-dsym";
				ENABLE_NS_ASSERTIONS = NO;
				ENABLE_STRICT_OBJC_MSGSEND = YES;
				GCC_C_LANGUAGE_STANDARD = gnu11;
				GCC_NO_COMMON_BLOCKS = YES;
				GCC_WARN_64_TO_32_BIT_CONVERSION = YES;
				GCC_WARN_ABOUT_RETURN_TYPE = YES_ERROR;
				GCC_WARN_UNDECLARED_SELECTOR = YES;
				GCC_WARN_UNINITIALIZED_AUTOS = YES_AGGRESSIVE;
				GCC_WARN_UNUSED_FUNCTION = YES;
				GCC_WARN_UNUSED_VARIABLE = YES;
				IPHONEOS_DEPLOYMENT_TARGET = 14.0;
				MTL_ENABLE_DEBUG_INFO = NO;
				MTL_FAST_MATH = YES;
				SDKROOT = iphoneos;
				SWIFT_COMPILATION_MODE = wholemodule;
				SWIFT_OPTIMIZATION_LEVEL = "-O";
				VALIDATE_PRODUCT = YES;
			};
			name = Release;
		};
		1776F1782847FF8F00DC0C85 /* Debug */ = {
			isa = XCBuildConfiguration;
			buildSettings = {
				ASSETCATALOG_COMPILER_APPICON_NAME = AppIcon;
				ASSETCATALOG_COMPILER_GLOBAL_ACCENT_COLOR_NAME = AccentColor;
				CODE_SIGN_STYLE = Automatic;
				CURRENT_PROJECT_VERSION = 2;
				DEVELOPMENT_TEAM = H6QQ8QA88T;
				GENERATE_INFOPLIST_FILE = YES;
				INFOPLIST_FILE = ToDoList/Resources/Info.plist;
				INFOPLIST_KEY_UIApplicationSupportsIndirectInputEvents = YES;
				INFOPLIST_KEY_UILaunchStoryboardName = LaunchScreen;
				INFOPLIST_KEY_UIMainStoryboardFile = Main;
				INFOPLIST_KEY_UISupportedInterfaceOrientations = UIInterfaceOrientationPortrait;
				INFOPLIST_KEY_UISupportedInterfaceOrientations_iPad = "UIInterfaceOrientationPortrait UIInterfaceOrientationPortraitUpsideDown UIInterfaceOrientationLandscapeLeft UIInterfaceOrientationLandscapeRight";
				INFOPLIST_KEY_UISupportedInterfaceOrientations_iPhone = "UIInterfaceOrientationPortrait UIInterfaceOrientationLandscapeLeft UIInterfaceOrientationLandscapeRight";
				IPHONEOS_DEPLOYMENT_TARGET = 14.0;
				LD_RUNPATH_SEARCH_PATHS = (
					"$(inherited)",
					"@executable_path/Frameworks",
				);
				MARKETING_VERSION = 0.3.1;
				PRODUCT_BUNDLE_IDENTIFIER = com.omerbozbulut.todolist;
				PRODUCT_NAME = "$(TARGET_NAME)";
				SWIFT_EMIT_LOC_STRINGS = YES;
				SWIFT_VERSION = 5.0;
				TARGETED_DEVICE_FAMILY = 1;
			};
			name = Debug;
		};
		1776F1792847FF8F00DC0C85 /* Release */ = {
			isa = XCBuildConfiguration;
			buildSettings = {
				ASSETCATALOG_COMPILER_APPICON_NAME = AppIcon;
				ASSETCATALOG_COMPILER_GLOBAL_ACCENT_COLOR_NAME = AccentColor;
				CODE_SIGN_STYLE = Automatic;
				CURRENT_PROJECT_VERSION = 2;
				DEVELOPMENT_TEAM = H6QQ8QA88T;
				GENERATE_INFOPLIST_FILE = YES;
				INFOPLIST_FILE = ToDoList/Resources/Info.plist;
				INFOPLIST_KEY_UIApplicationSupportsIndirectInputEvents = YES;
				INFOPLIST_KEY_UILaunchStoryboardName = LaunchScreen;
				INFOPLIST_KEY_UIMainStoryboardFile = Main;
				INFOPLIST_KEY_UISupportedInterfaceOrientations = UIInterfaceOrientationPortrait;
				INFOPLIST_KEY_UISupportedInterfaceOrientations_iPad = "UIInterfaceOrientationPortrait UIInterfaceOrientationPortraitUpsideDown UIInterfaceOrientationLandscapeLeft UIInterfaceOrientationLandscapeRight";
				INFOPLIST_KEY_UISupportedInterfaceOrientations_iPhone = "UIInterfaceOrientationPortrait UIInterfaceOrientationLandscapeLeft UIInterfaceOrientationLandscapeRight";
				IPHONEOS_DEPLOYMENT_TARGET = 14.0;
				LD_RUNPATH_SEARCH_PATHS = (
					"$(inherited)",
					"@executable_path/Frameworks",
				);
				MARKETING_VERSION = 0.3.1;
				PRODUCT_BUNDLE_IDENTIFIER = com.omerbozbulut.todolist;
				PRODUCT_NAME = "$(TARGET_NAME)";
				SWIFT_EMIT_LOC_STRINGS = YES;
				SWIFT_VERSION = 5.0;
				TARGETED_DEVICE_FAMILY = 1;
			};
			name = Release;
		};
/* End XCBuildConfiguration section */

/* Begin XCConfigurationList section */
		1776F15E2847FF8E00DC0C85 /* Build configuration list for PBXProject "ToDoList" */ = {
			isa = XCConfigurationList;
			buildConfigurations = (
				1776F1752847FF8F00DC0C85 /* Debug */,
				1776F1762847FF8F00DC0C85 /* Release */,
			);
			defaultConfigurationIsVisible = 0;
			defaultConfigurationName = Release;
		};
		1776F1772847FF8F00DC0C85 /* Build configuration list for PBXNativeTarget "ToDoList" */ = {
			isa = XCConfigurationList;
			buildConfigurations = (
				1776F1782847FF8F00DC0C85 /* Debug */,
				1776F1792847FF8F00DC0C85 /* Release */,
			);
			defaultConfigurationIsVisible = 0;
			defaultConfigurationName = Release;
		};
/* End XCConfigurationList section */

/* Begin XCRemoteSwiftPackageReference section */
		1760FD8228481148000C9B60 /* XCRemoteSwiftPackageReference "SnapKit" */ = {
			isa = XCRemoteSwiftPackageReference;
			repositoryURL = "https://github.com/SnapKit/SnapKit.git";
			requirement = {
				kind = upToNextMajorVersion;
				minimumVersion = 5.0.0;
			};
		};
/* End XCRemoteSwiftPackageReference section */

/* Begin XCSwiftPackageProductDependency section */
		1760FD8328481148000C9B60 /* SnapKit */ = {
			isa = XCSwiftPackageProductDependency;
			package = 1760FD8228481148000C9B60 /* XCRemoteSwiftPackageReference "SnapKit" */;
			productName = SnapKit;
		};
/* End XCSwiftPackageProductDependency section */
	};
	rootObject = 1776F15B2847FF8E00DC0C85 /* Project object */;
}
